
Microsoft Visual Studio Solution File, Format Version 11.00
# Visual Studio 2010
Project("{8BC9CEB8-8B4A-11D0-8D11-00A0C91BC942}") = "test2", "test2\test2.vcxproj", "{265BB5D3-6F56-4E08-B33C-AD44A9F3A673}"
EndProject
Global
	GlobalSection(SolutionConfigurationPlatforms) = preSolution
		Debug|Win32 = Debug|Win32
		Release|Win32 = Release|Win32
	EndGlobalSection
	GlobalSection(ProjectConfigurationPlatforms) = postSolution
		{265BB5D3-6F56-4E08-B33C-AD44A9F3A673}.Debug|Win32.ActiveCfg = Debug|Win32
		{265BB5D3-6F56-4E08-B33C-AD44A9F3A673}.Debug|Win32.Build.0 = Debug|Win32
		{265BB5D3-6F56-4E08-B33C-AD44A9F3A673}.Release|Win32.ActiveCfg = Release|Win32
		{265BB5D3-6F56-4E08-B33C-AD44A9F3A673}.Release|Win32.Build.0 = Release|Win32
	EndGlobalSection
	GlobalSection(SolutionProperties) = preSolution
		HideSolutionNode = FALSE
	EndGlobalSection
EndGlobal
